<?xml version="1.0" encoding="utf-8"?>
<Project ToolsVersion="4.0" xmlns="http://schemas.microsoft.com/developer/msbuild/2003">
  <ItemGroup>
    <ClCompile Include="Source.cpp" />
    <ClCompile Include="EasyBMP\EasyBMP_win32.cpp" />
    <ClCompile Include="EasyBMP\EasyBMP.cpp" />
  </ItemGroup>
  <ItemGroup>
    <ClInclude Include="EasyBMP\EasyBMP_win32.h" />
    <ClInclude Include="EasyBMP\EasyBMP_VariousBMPutilities.h" />
    <ClInclude Include="EasyBMP\EasyBMP.h" />
    <ClInclude Include="EasyBMP\EasyBMP_BMP.h" />
    <ClInclude Include="EasyBMP\EasyBMP_DataStructures.h" />
  </ItemGroup>
</Project>